
Microsoft Visual Studio Solution File, Format Version 12.00
# Visual Studio 15
Project("{FAE04EC0-301F-11D3-BF4B-00C04F79EFBC}") = "Monster Hunt", "Monster Hunt.csproj", "{640101B1-7B8A-E5FA-D8A6-22E4AFBDDE70}"
EndProject
Global
	GlobalSection(SolutionConfigurationPlatforms) = preSolution
		Debug|Any CPU = Debug|Any CPU
		Release|Any CPU = Release|Any CPU
	EndGlobalSection
	GlobalSection(ProjectConfigurationPlatforms) = postSolution
		{640101B1-7B8A-E5FA-D8A6-22E4AFBDDE70}.Debug|Any CPU.ActiveCfg = Debug|Any CPU
		{640101B1-7B8A-E5FA-D8A6-22E4AFBDDE70}.Debug|Any CPU.Build.0 = Debug|Any CPU
		{640101B1-7B8A-E5FA-D8A6-22E4AFBDDE70}.Release|Any CPU.ActiveCfg = Release|Any CPU
		{640101B1-7B8A-E5FA-D8A6-22E4AFBDDE70}.Release|Any CPU.Build.0 = Release|Any CPU
	EndGlobalSection
	GlobalSection(SolutionProperties) = preSolution
		HideSolutionNode = FALSE
	EndGlobalSection
EndGlobal
